
Microsoft Visual Studio Solution File, Format Version 12.00
# Visual Studio Version 17
VisualStudioVersion = 17.14.36930.0
MinimumVisualStudioVersion = 10.0.40219.1
Project("{F2A71F9B-5D33-465A-A702-920D77279786}") = "NBomber.Data", "src\NBomber.Data\NBomber.Data.fsproj", "{5EDFA30B-C515-4810-A0BB-6A9AB57518B5}"
EndProject
Project("{2150E333-8FDC-42A3-9474-1A3956D46DE8}") = "examples", "examples", "{08F0A3DA-CDB0-4629-8A02-116A89DDBC44}"
EndProject
Project("{FAE04EC0-301F-11D3-BF4B-00C04F79EFBC}") = "CSharp", "examples\CSharp\CSharp.csproj", "{1D5140A9-335C-4615-9EED-2C970D0C6A60}"
EndProject
Project("{FAE04EC0-301F-11D3-BF4B-00C04F79EFBC}") = "NBomber.LargeData", "src\NBomber.LargeData\NBomber.LargeData.csproj", "{51A87D87-CB65-4A13-B452-5352129AF26C}"
EndProject
Project("{2150E333-8FDC-42A3-9474-1A3956D46DE8}") = "tests", "tests", "{02EA681E-C7D8-13C7-8484-4AC65E1B71E8}"
EndProject
Project("{FAE04EC0-301F-11D3-BF4B-00C04F79EFBC}") = "NBomber.Data.Tests", "tests\NBomber.Data.Tests\NBomber.Data.Tests.csproj", "{074C82C1-70BC-45FB-8B87-3D44CBD43F08}"
EndProject
Global
	GlobalSection(SolutionConfigurationPlatforms) = preSolution
		Debug|Any CPU = Debug|Any CPU
		Release|Any CPU = Release|Any CPU
	EndGlobalSection
	GlobalSection(ProjectConfigurationPlatforms) = postSolution
		{5EDFA30B-C515-4810-A0BB-6A9AB57518B5}.Debug|Any CPU.ActiveCfg = Debug|Any CPU
		{5EDFA30B-C515-4810-A0BB-6A9AB57518B5}.Debug|Any CPU.Build.0 = Debug|Any CPU
		{5EDFA30B-C515-4810-A0BB-6A9AB57518B5}.Release|Any CPU.ActiveCfg = Release|Any CPU
		{5EDFA30B-C515-4810-A0BB-6A9AB57518B5}.Release|Any CPU.Build.0 = Release|Any CPU
		{1D5140A9-335C-4615-9EED-2C970D0C6A60}.Debug|Any CPU.ActiveCfg = Debug|Any CPU
		{1D5140A9-335C-4615-9EED-2C970D0C6A60}.Debug|Any CPU.Build.0 = Debug|Any CPU
		{1D5140A9-335C-4615-9EED-2C970D0C6A60}.Release|Any CPU.ActiveCfg = Release|Any CPU
		{1D5140A9-335C-4615-9EED-2C970D0C6A60}.Release|Any CPU.Build.0 = Release|Any CPU
		{51A87D87-CB65-4A13-B452-5352129AF26C}.Debug|Any CPU.ActiveCfg = Debug|Any CPU
		{51A87D87-CB65-4A13-B452-5352129AF26C}.Debug|Any CPU.Build.0 = Debug|Any CPU
		{51A87D87-CB65-4A13-B452-5352129AF26C}.Release|Any CPU.ActiveCfg = Release|Any CPU
		{51A87D87-CB65-4A13-B452-5352129AF26C}.Release|Any CPU.Build.0 = Release|Any CPU
		{074C82C1-70BC-45FB-8B87-3D44CBD43F08}.Debug|Any CPU.ActiveCfg = Debug|Any CPU
		{074C82C1-70BC-45FB-8B87-3D44CBD43F08}.Debug|Any CPU.Build.0 = Debug|Any CPU
		{074C82C1-70BC-45FB-8B87-3D44CBD43F08}.Release|Any CPU.ActiveCfg = Release|Any CPU
		{074C82C1-70BC-45FB-8B87-3D44CBD43F08}.Release|Any CPU.Build.0 = Release|Any CPU
	EndGlobalSection
	GlobalSection(SolutionProperties) = preSolution
		HideSolutionNode = FALSE
	EndGlobalSection
	GlobalSection(NestedProjects) = preSolution
		{1D5140A9-335C-4615-9EED-2C970D0C6A60} = {08F0A3DA-CDB0-4629-8A02-116A89DDBC44}
		{074C82C1-70BC-45FB-8B87-3D44CBD43F08} = {02EA681E-C7D8-13C7-8484-4AC65E1B71E8}
	EndGlobalSection
	GlobalSection(ExtensibilityGlobals) = postSolution
		SolutionGuid = {33A5D92F-27D6-4ECE-9B4B-0BB7324D2A72}
	EndGlobalSection
EndGlobal
